Microsoft Visual Studio Solution File, Format Version 9.00
# Visual Studio 2005
Project("{FAE04EC0-301F-11D3-BF4B-00C04F79EFBC}") = "docControls", "docControls.csproj", "{5F3FD9CB-8E10-4BA0-8627-8BF952143DBB}"
EndProject
Global
	GlobalSection(SourceCodeControl) = preSolution
		SccNumberOfProjects = 2
		SccLocalPath0 = .
		SccProjectUniqueName1 = docControls.csproj
		SccLocalPath1 = .
	EndGlobalSection
	GlobalSection(SolutionConfigurationPlatforms) = preSolution
		Debug|Any CPU = Debug|Any CPU
		Release|Any CPU = Release|Any CPU
	EndGlobalSection
	GlobalSection(ProjectConfigurationPlatforms) = postSolution
		{5F3FD9CB-8E10-4BA0-8627-8BF952143DBB}.Debug|Any CPU.ActiveCfg = Debug|Any CPU
		{5F3FD9CB-8E10-4BA0-8627-8BF952143DBB}.Debug|Any CPU.Build.0 = Debug|Any CPU
		{5F3FD9CB-8E10-4BA0-8627-8BF952143DBB}.Release|Any CPU.ActiveCfg = Release|Any CPU
		{5F3FD9CB-8E10-4BA0-8627-8BF952143DBB}.Release|Any CPU.Build.0 = Release|Any CPU
	EndGlobalSection
	GlobalSection(SolutionProperties) = preSolution
		HideSolutionNode = FALSE
	EndGlobalSection
EndGlobal
